
Microsoft Visual Studio Solution File, Format Version 12.00
# Visual Studio 15
VisualStudioVersion = 15.0.28307.329
MinimumVisualStudioVersion = 10.0.40219.1
Project("{FAE04EC0-301F-11D3-BF4B-00C04F79EFBC}") = "RestAPI.Android", "RestAPI\RestAPI.Android\RestAPI.Android.csproj", "{70D93D28-75F0-4088-A774-8FF2C7B6BC6A}"
EndProject
Project("{FAE04EC0-301F-11D3-BF4B-00C04F79EFBC}") = "RestAPI.iOS", "RestAPI\RestAPI.iOS\RestAPI.iOS.csproj", "{5D459238-94F2-4585-817B-48470CD9E921}"
EndProject
Project("{FAE04EC0-301F-11D3-BF4B-00C04F79EFBC}") = "RestAPI", "RestAPI\RestAPI\RestAPI.csproj", "{228B3DE4-AF53-435F-A2A8-A21D7BB975D1}"
EndProject
Global
	GlobalSection(SolutionConfigurationPlatforms) = preSolution
		Ad-Hoc|Any CPU = Ad-Hoc|Any CPU
		Ad-Hoc|iPhone = Ad-Hoc|iPhone
		Ad-Hoc|iPhoneSimulator = Ad-Hoc|iPhoneSimulator
		AppStore|Any CPU = AppStore|Any CPU
		AppStore|iPhone = AppStore|iPhone
		AppStore|iPhoneSimulator = AppStore|iPhoneSimulator
		Debug|Any CPU = Debug|Any CPU
		Debug|iPhone = Debug|iPhone
		Debug|iPhoneSimulator = Debug|iPhoneSimulator
		Release|Any CPU = Release|Any CPU
		Release|iPhone = Release|iPhone
		Release|iPhoneSimulator = Release|iPhoneSimulator
	EndGlobalSection
	GlobalSection(ProjectConfigurationPlatforms) = postSolution
		{70D93D28-75F0-4088-A774-8FF2C7B6BC6A}.Ad-Hoc|Any CPU.ActiveCfg = Release|Any CPU
		{70D93D28-75F0-4088-A774-8FF2C7B6BC6A}.Ad-Hoc|Any CPU.Build.0 = Release|Any CPU
		{70D93D28-75F0-4088-A774-8FF2C7B6BC6A}.Ad-Hoc|Any CPU.Deploy.0 = Release|Any CPU
		{70D93D28-75F0-4088-A774-8FF2C7B6BC6A}.Ad-Hoc|iPhone.ActiveCfg = Release|Any CPU
		{70D93D28-75F0-4088-A774-8FF2C7B6BC6A}.Ad-Hoc|iPhone.Build.0 = Release|Any CPU
		{70D93D28-75F0-4088-A774-8FF2C7B6BC6A}.Ad-Hoc|iPhone.Deploy.0 = Release|Any CPU
		{70D93D28-75F0-4088-A774-8FF2C7B6BC6A}.Ad-Hoc|iPhoneSimulator.ActiveCfg = Release|Any CPU
		{70D93D28-75F0-4088-A774-8FF2C7B6BC6A}.Ad-Hoc|iPhoneSimulator.Build.0 = Release|Any CPU
		{70D93D28-75F0-4088-A774-8FF2C7B6BC6A}.Ad-Hoc|iPhoneSimulator.Deploy.0 = Release|Any CPU
		{70D93D28-75F0-4088-A774-8FF2C7B6BC6A}.AppStore|Any CPU.ActiveCfg = Release|Any CPU
		{70D93D28-75F0-4088-A774-8FF2C7B6BC6A}.AppStore|Any CPU.Build.0 = Release|Any CPU
		{70D93D28-75F0-4088-A774-8FF2C7B6BC6A}.AppStore|Any CPU.Deploy.0 = Release|Any CPU
		{70D93D28-75F0-4088-A774-8FF2C7B6BC6A}.AppStore|iPhone.ActiveCfg = Release|Any CPU
		{70D93D28-75F0-4088-A774-8FF2C7B6BC6A}.AppStore|iPhone.Build.0 = Release|Any CPU
		{70D93D28-75F0-4088-A774-8FF2C7B6BC6A}.AppStore|iPhone.Deploy.0 = Release|Any CPU
		{70D93D28-75F0-4088-A774-8FF2C7B6BC6A}.AppStore|iPhoneSimulator.ActiveCfg = Release|Any CPU
		{70D93D28-75F0-4088-A774-8FF2C7B6BC6A}.AppStore|iPhoneSimulator.Build.0 = Release|Any CPU
		{70D93D28-75F0-4088-A774-8FF2C7B6BC6A}.AppStore|iPhoneSimulator.Deploy.0 = Release|Any CPU
		{70D93D28-75F0-4088-A774-8FF2C7B6BC6A}.Debug|Any CPU.ActiveCfg = Debug|Any CPU
		{70D93D28-75F0-4088-A774-8FF2C7B6BC6A}.Debug|Any CPU.Build.0 = Debug|Any CPU
		{70D93D28-75F0-4088-A774-8FF2C7B6BC6A}.Debug|Any CPU.Deploy.0 = Debug|Any CPU
		{70D93D28-75F0-4088-A774-8FF2C7B6BC6A}.Debug|iPhone.ActiveCfg = Debug|Any CPU
		{70D93D28-75F0-4088-A774-8FF2C7B6BC6A}.Debug|iPhone.Build.0 = Debug|Any CPU
		{70D93D28-75F0-4088-A774-8FF2C7B6BC6A}.Debug|iPhone.Deploy.0 = Debug|Any CPU
		{70D93D28-75F0-4088-A774-8FF2C7B6BC6A}.Debug|iPhoneSimulator.ActiveCfg = Debug|Any CPU
		{70D93D28-75F0-4088-A774-8FF2C7B6BC6A}.Debug|iPhoneSimulator.Build.0 = Debug|Any CPU
		{70D93D28-75F0-4088-A774-8FF2C7B6BC6A}.Debug|iPhoneSimulator.Deploy.0 = Debug|Any CPU
		{70D93D28-75F0-4088-A774-8FF2C7B6BC6A}.Release|Any CPU.ActiveCfg = Release|Any CPU
		{70D93D28-75F0-4088-A774-8FF2C7B6BC6A}.Release|Any CPU.Build.0 = Release|Any CPU
		{70D93D28-75F0-4088-A774-8FF2C7B6BC6A}.Release|Any CPU.Deploy.0 = Release|Any CPU
		{70D93D28-75F0-4088-A774-8FF2C7B6BC6A}.Release|iPhone.ActiveCfg = Release|Any CPU
		{70D93D28-75F0-4088-A774-8FF2C7B6BC6A}.Release|iPhone.Build.0 = Release|Any CPU
		{70D93D28-75F0-4088-A774-8FF2C7B6BC6A}.Release|iPhone.Deploy.0 = Release|Any CPU
		{70D93D28-75F0-4088-A774-8FF2C7B6BC6A}.Release|iPhoneSimulator.ActiveCfg = Release|Any CPU
		{70D93D28-75F0-4088-A774-8FF2C7B6BC6A}.Release|iPhoneSimulator.Build.0 = Release|Any CPU
		{70D93D28-75F0-4088-A774-8FF2C7B6BC6A}.Release|iPhoneSimulator.Deploy.0 = Release|Any CPU
		{5D459238-94F2-4585-817B-48470CD9E921}.Ad-Hoc|Any CPU.ActiveCfg = Ad-Hoc|iPhone
		{5D459238-94F2-4585-817B-48470CD9E921}.Ad-Hoc|Any CPU.Build.0 = Ad-Hoc|iPhone
		{5D459238-94F2-4585-817B-48470CD9E921}.Ad-Hoc|Any CPU.Deploy.0 = Ad-Hoc|iPhone
		{5D459238-94F2-4585-817B-48470CD9E921}.Ad-Hoc|iPhone.ActiveCfg = Ad-Hoc|iPhone
		{5D459238-94F2-4585-817B-48470CD9E921}.Ad-Hoc|iPhone.Build.0 = Ad-Hoc|iPhone
		{5D459238-94F2-4585-817B-48470CD9E921}.Ad-Hoc|iPhone.Deploy.0 = Ad-Hoc|iPhone
		{5D459238-94F2-4585-817B-48470CD9E921}.Ad-Hoc|iPhoneSimulator.ActiveCfg = Ad-Hoc|iPhoneSimulator
		{5D459238-94F2-4585-817B-48470CD9E921}.Ad-Hoc|iPhoneSimulator.Build.0 = Ad-Hoc|iPhoneSimulator
		{5D459238-94F2-4585-817B-48470CD9E921}.Ad-Hoc|iPhoneSimulator.Deploy.0 = Ad-Hoc|iPhoneSimulator
		{5D459238-94F2-4585-817B-48470CD9E921}.AppStore|Any CPU.ActiveCfg = AppStore|iPhone
		{5D459238-94F2-4585-817B-48470CD9E921}.AppStore|Any CPU.Build.0 = AppStore|iPhone
		{5D459238-94F2-4585-817B-48470CD9E921}.AppStore|Any CPU.Deploy.0 = AppStore|iPhone
		{5D459238-94F2-4585-817B-48470CD9E921}.AppStore|iPhone.ActiveCfg = AppStore|iPhone
		{5D459238-94F2-4585-817B-48470CD9E921}.AppStore|iPhone.Build.0 = AppStore|iPhone
		{5D459238-94F2-4585-817B-48470CD9E921}.AppStore|iPhone.Deploy.0 = AppStore|iPhone
		{5D459238-94F2-4585-817B-48470CD9E921}.AppStore|iPhoneSimulator.ActiveCfg = AppStore|iPhoneSimulator
		{5D459238-94F2-4585-817B-48470CD9E921}.AppStore|iPhoneSimulator.Build.0 = AppStore|iPhoneSimulator
		{5D459238-94F2-4585-817B-48470CD9E921}.AppStore|iPhoneSimulator.Deploy.0 = AppStore|iPhoneSimulator
		{5D459238-94F2-4585-817B-48470CD9E921}.Debug|Any CPU.ActiveCfg = Debug|iPhoneSimulator
		{5D459238-94F2-4585-817B-48470CD9E921}.Debug|Any CPU.Build.0 = Debug|iPhoneSimulator
		{5D459238-94F2-4585-817B-48470CD9E921}.Debug|Any CPU.Deploy.0 = Debug|iPhoneSimulator
		{5D459238-94F2-4585-817B-48470CD9E921}.Debug|iPhone.ActiveCfg = Debug|iPhone
		{5D459238-94F2-4585-817B-48470CD9E921}.Debug|iPhone.Build.0 = Debug|iPhone
		{5D459238-94F2-4585-817B-48470CD9E921}.Debug|iPhone.Deploy.0 = Debug|iPhone
		{5D459238-94F2-4585-817B-48470CD9E921}.Debug|iPhoneSimulator.ActiveCfg = Debug|iPhoneSimulator
		{5D459238-94F2-4585-817B-48470CD9E921}.Debug|iPhoneSimulator.Build.0 = Debug|iPhoneSimulator
		{5D459238-94F2-4585-817B-48470CD9E921}.Debug|iPhoneSimulator.Deploy.0 = Debug|iPhoneSimulator
		{5D459238-94F2-4585-817B-48470CD9E921}.Release|Any CPU.ActiveCfg = Release|iPhone
		{5D459238-94F2-4585-817B-48470CD9E921}.Release|Any CPU.Build.0 = Release|iPhone
		{5D459238-94F2-4585-817B-48470CD9E921}.Release|Any CPU.Deploy.0 = Release|iPhone
		{5D459238-94F2-4585-817B-48470CD9E921}.Release|iPhone.ActiveCfg = Release|iPhone
		{5D459238-94F2-4585-817B-48470CD9E921}.Release|iPhone.Build.0 = Release|iPhone
		{5D459238-94F2-4585-817B-48470CD9E921}.Release|iPhone.Deploy.0 = Release|iPhone
		{5D459238-94F2-4585-817B-48470CD9E921}.Release|iPhoneSimulator.ActiveCfg = Release|iPhoneSimulator
		{5D459238-94F2-4585-817B-48470CD9E921}.Release|iPhoneSimulator.Build.0 = Release|iPhoneSimulator
		{5D459238-94F2-4585-817B-48470CD9E921}.Release|iPhoneSimulator.Deploy.0 = Release|iPhoneSimulator
		{228B3DE4-AF53-435F-A2A8-A21D7BB975D1}.Ad-Hoc|Any CPU.ActiveCfg = Debug|Any CPU
		{228B3DE4-AF53-435F-A2A8-A21D7BB975D1}.Ad-Hoc|Any CPU.Build.0 = Debug|Any CPU
		{228B3DE4-AF53-435F-A2A8-A21D7BB975D1}.Ad-Hoc|Any CPU.Deploy.0 = Debug|Any CPU
		{228B3DE4-AF53-435F-A2A8-A21D7BB975D1}.Ad-Hoc|iPhone.ActiveCfg = Debug|Any CPU
		{228B3DE4-AF53-435F-A2A8-A21D7BB975D1}.Ad-Hoc|iPhone.Build.0 = Debug|Any CPU
		{228B3DE4-AF53-435F-A2A8-A21D7BB975D1}.Ad-Hoc|iPhone.Deploy.0 = Debug|Any CPU
		{228B3DE4-AF53-435F-A2A8-A21D7BB975D1}.Ad-Hoc|iPhoneSimulator.ActiveCfg = Debug|Any CPU
		{228B3DE4-AF53-435F-A2A8-A21D7BB975D1}.Ad-Hoc|iPhoneSimulator.Build.0 = Debug|Any CPU
		{228B3DE4-AF53-435F-A2A8-A21D7BB975D1}.Ad-Hoc|iPhoneSimulator.Deploy.0 = Debug|Any CPU
		{228B3DE4-AF53-435F-A2A8-A21D7BB975D1}.AppStore|Any CPU.ActiveCfg = Debug|Any CPU
		{228B3DE4-AF53-435F-A2A8-A21D7BB975D1}.AppStore|Any CPU.Build.0 = Debug|Any CPU
		{228B3DE4-AF53-435F-A2A8-A21D7BB975D1}.AppStore|Any CPU.Deploy.0 = Debug|Any CPU
		{228B3DE4-AF53-435F-A2A8-A21D7BB975D1}.AppStore|iPhone.ActiveCfg = Debug|Any CPU
		{228B3DE4-AF53-435F-A2A8-A21D7BB975D1}.AppStore|iPhone.Build.0 = Debug|Any CPU
		{228B3DE4-AF53-435F-A2A8-A21D7BB975D1}.AppStore|iPhone.Deploy.0 = Debug|Any CPU
		{228B3DE4-AF53-435F-A2A8-A21D7BB975D1}.AppStore|iPhoneSimulator.ActiveCfg = Debug|Any CPU
		{228B3DE4-AF53-435F-A2A8-A21D7BB975D1}.AppStore|iPhoneSimulator.Build.0 = Debug|Any CPU
		{228B3DE4-AF53-435F-A2A8-A21D7BB975D1}.AppStore|iPhoneSimulator.Deploy.0 = Debug|Any CPU
		{228B3DE4-AF53-435F-A2A8-A21D7BB975D1}.Debug|Any CPU.ActiveCfg = Debug|Any CPU
		{228B3DE4-AF53-435F-A2A8-A21D7BB975D1}.Debug|Any CPU.Build.0 = Debug|Any CPU
		{228B3DE4-AF53-435F-A2A8-A21D7BB975D1}.Debug|Any CPU.Deploy.0 = Debug|Any CPU
		{228B3DE4-AF53-435F-A2A8-A21D7BB975D1}.Debug|iPhone.ActiveCfg = Debug|Any CPU
		{228B3DE4-AF53-435F-A2A8-A21D7BB975D1}.Debug|iPhone.Build.0 = Debug|Any CPU
		{228B3DE4-AF53-435F-A2A8-A21D7BB975D1}.Debug|iPhone.Deploy.0 = Debug|Any CPU
		{228B3DE4-AF53-435F-A2A8-A21D7BB975D1}.Debug|iPhoneSimulator.ActiveCfg = Debug|Any CPU
		{228B3DE4-AF53-435F-A2A8-A21D7BB975D1}.Debug|iPhoneSimulator.Build.0 = Debug|Any CPU
		{228B3DE4-AF53-435F-A2A8-A21D7BB975D1}.Debug|iPhoneSimulator.Deploy.0 = Debug|Any CPU
		{228B3DE4-AF53-435F-A2A8-A21D7BB975D1}.Release|Any CPU.ActiveCfg = Release|Any CPU
		{228B3DE4-AF53-435F-A2A8-A21D7BB975D1}.Release|Any CPU.Build.0 = Release|Any CPU
		{228B3DE4-AF53-435F-A2A8-A21D7BB975D1}.Release|Any CPU.Deploy.0 = Release|Any CPU
		{228B3DE4-AF53-435F-A2A8-A21D7BB975D1}.Release|iPhone.ActiveCfg = Release|Any CPU
		{228B3DE4-AF53-435F-A2A8-A21D7BB975D1}.Release|iPhone.Build.0 = Release|Any CPU
		{228B3DE4-AF53-435F-A2A8-A21D7BB975D1}.Release|iPhone.Deploy.0 = Release|Any CPU
		{228B3DE4-AF53-435F-A2A8-A21D7BB975D1}.Release|iPhoneSimulator.ActiveCfg = Release|Any CPU
		{228B3DE4-AF53-435F-A2A8-A21D7BB975D1}.Release|iPhoneSimulator.Build.0 = Release|Any CPU
		{228B3DE4-AF53-435F-A2A8-A21D7BB975D1}.Release|iPhoneSimulator.Deploy.0 = Release|Any CPU
	EndGlobalSection
	GlobalSection(SolutionProperties) = preSolution
		HideSolutionNode = FALSE
	EndGlobalSection
	GlobalSection(ExtensibilityGlobals) = postSolution
		SolutionGuid = {FDF00893-8618-4A41-ADC1-DFA7F8362224}
	EndGlobalSection
EndGlobal
